
Microsoft Visual Studio Solution File, Format Version 12.00
# Visual Studio Version 16
VisualStudioVersion = 16.0.30330.147
MinimumVisualStudioVersion = 10.0.40219.1
Project("{FAE04EC0-301F-11D3-BF4B-00C04F79EFBC}") = "WpfApp1", "WpfApp1\WpfApp1.csproj", "{C59DD236-BEDE-4C94-8F1C-B41679ED38A7}"
EndProject
Global
	GlobalSection(SolutionConfigurationPlatforms) = preSolution
		Debug|Any CPU = Debug|Any CPU
		Release|Any CPU = Release|Any CPU
	EndGlobalSection
	GlobalSection(ProjectConfigurationPlatforms) = postSolution
		{C59DD236-BEDE-4C94-8F1C-B41679ED38A7}.Debug|Any CPU.ActiveCfg = Debug|Any CPU
		{C59DD236-BEDE-4C94-8F1C-B41679ED38A7}.Debug|Any CPU.Build.0 = Debug|Any CPU
		{C59DD236-BEDE-4C94-8F1C-B41679ED38A7}.Release|Any CPU.ActiveCfg = Release|Any CPU
		{C59DD236-BEDE-4C94-8F1C-B41679ED38A7}.Release|Any CPU.Build.0 = Release|Any CPU
	EndGlobalSection
	GlobalSection(SolutionProperties) = preSolution
		HideSolutionNode = FALSE
	EndGlobalSection
	GlobalSection(ExtensibilityGlobals) = postSolution
		SolutionGuid = {7F44D345-97B3-4D6F-891D-387CE2DC6AFE}
	EndGlobalSection
EndGlobal
